
Microsoft Visual Studio Solution File, Format Version 12.00
# Visual Studio Version 16
VisualStudioVersion = 16.0.29403.142
MinimumVisualStudioVersion = 10.0.40219.1
Project("{8BC9CEB8-8B4A-11D0-8D11-00A0C91BC942}") = "SwarmIntelligence", "SwarmIntelligence\Boids.vcxproj", "{0D22DE30-2684-3DF2-B4A0-59ED74A8026D}"
EndProject
Global
	GlobalSection(SolutionConfigurationPlatforms) = preSolution
		Debug|x64 = Debug|x64
		Release|x64 = Release|x64
	EndGlobalSection
	GlobalSection(ProjectConfigurationPlatforms) = postSolution
		{0D22DE30-2684-3DF2-B4A0-59ED74A8026D}.Debug|x64.ActiveCfg = Debug|x64
		{0D22DE30-2684-3DF2-B4A0-59ED74A8026D}.Debug|x64.Build.0 = Debug|x64
		{0D22DE30-2684-3DF2-B4A0-59ED74A8026D}.Release|x64.ActiveCfg = Release|x64
		{0D22DE30-2684-3DF2-B4A0-59ED74A8026D}.Release|x64.Build.0 = Release|x64
	EndGlobalSection
	GlobalSection(SolutionProperties) = preSolution
		HideSolutionNode = FALSE
	EndGlobalSection
	GlobalSection(ExtensibilityGlobals) = postSolution
		SolutionGuid = {60D22C6F-BFA5-45DA-A16D-5216E9BD16EF}
	EndGlobalSection
EndGlobal
